
Microsoft Visual Studio Solution File, Format Version 12.00
# Visual Studio Version 16
VisualStudioVersion = 16.0.30011.22
MinimumVisualStudioVersion = 10.0.40219.1
Project("{FAE04EC0-301F-11D3-BF4B-00C04F79EFBC}") = "SistemaDeVentas", "SistemaDeVentas\SistemaDeVentas.csproj", "{C1E6AAE2-9CC5-4216-9FFE-6506351FDFC3}"
EndProject
Global
	GlobalSection(SolutionConfigurationPlatforms) = preSolution
		Debug|Any CPU = Debug|Any CPU
		Release|Any CPU = Release|Any CPU
	EndGlobalSection
	GlobalSection(ProjectConfigurationPlatforms) = postSolution
		{C1E6AAE2-9CC5-4216-9FFE-6506351FDFC3}.Debug|Any CPU.ActiveCfg = Debug|Any CPU
		{C1E6AAE2-9CC5-4216-9FFE-6506351FDFC3}.Debug|Any CPU.Build.0 = Debug|Any CPU
		{C1E6AAE2-9CC5-4216-9FFE-6506351FDFC3}.Release|Any CPU.ActiveCfg = Release|Any CPU
		{C1E6AAE2-9CC5-4216-9FFE-6506351FDFC3}.Release|Any CPU.Build.0 = Release|Any CPU
	EndGlobalSection
	GlobalSection(SolutionProperties) = preSolution
		HideSolutionNode = FALSE
	EndGlobalSection
	GlobalSection(ExtensibilityGlobals) = postSolution
		SolutionGuid = {7FF902FD-7E5E-44BA-8101-B410A0BEC6C8}
	EndGlobalSection
EndGlobal
